// !$*UTF8*$!
{
	archiveVersion = 1;
	classes = {
	};
	objectVersion = 50;
	objects = {

/* Begin PBXBuildFile section */
		E279EF592493644A003D8F8F /* AppDelegate.swift in Sources */ = {isa = PBXBuildFile; fileRef = E279EF582493644A003D8F8F /* AppDelegate.swift */; };
		E279EF5B2493644A003D8F8F /* SceneDelegate.swift in Sources */ = {isa = PBXBuildFile; fileRef = E279EF5A2493644A003D8F8F /* SceneDelegate.swift */; };
		E279EF5D2493644A003D8F8F /* ViewController.swift in Sources */ = {isa = PBXBuildFile; fileRef = E279EF5C2493644A003D8F8F /* ViewController.swift */; };
		E279EF602493644A003D8F8F /* Main.storyboard in Resources */ = {isa = PBXBuildFile; fileRef = E279EF5E2493644A003D8F8F /* Main.storyboard */; };
		E279EF622493644C003D8F8F /* Assets.xcassets in Resources */ = {isa = PBXBuildFile; fileRef = E279EF612493644C003D8F8F /* Assets.xcassets */; };
		E279EF652493644C003D8F8F /* LaunchScreen.storyboard in Resources */ = {isa = PBXBuildFile; fileRef = E279EF632493644C003D8F8F /* LaunchScreen.storyboard */; };
		E279EF702493644C003D8F8F /* MyDoggyWalkerTests.swift in Sources */ = {isa = PBXBuildFile; fileRef = E279EF6F2493644C003D8F8F /* MyDoggyWalkerTests.swift */; };
		E279EF7B2493644C003D8F8F /* MyDoggyWalkerUITests.swift in Sources */ = {isa = PBXBuildFile; fileRef = E279EF7A2493644C003D8F8F /* MyDoggyWalkerUITests.swift */; };
/* End PBXBuildFile section */

/* Begin PBXContainerItemProxy section */
		E279EF6C2493644C003D8F8F /* PBXContainerItemProxy */ = {
			isa = PBXContainerItemProxy;
			containerPortal = E279EF4D2493644A003D8F8F /* Project object */;
			proxyType = 1;
			remoteGlobalIDString = E279EF542493644A003D8F8F;
			remoteInfo = MyDoggyWalker;
		};
		E279EF772493644C003D8F8F /* PBXContainerItemProxy */ = {
			isa = PBXContainerItemProxy;
			containerPortal = E279EF4D2493644A003D8F8F /* Project object */;
			proxyType = 1;
			remoteGlobalIDString = E279EF542493644A003D8F8F;
			remoteInfo = MyDoggyWalker;
		};
/* End PBXContainerItemProxy section */

/* Begin PBXFileReference section */
		E279EF552493644A003D8F8F /* MyDoggyWalker.app */ = {isa = PBXFileReference; explicitFileType = wrapper.application; includeInIndex = 0; path = MyDoggyWalker.app; sourceTree = BUILT_PRODUCTS_DIR; };
		E279EF582493644A003D8F8F /* AppDelegate.swift */ = {isa = PBXFileReference; lastKnownFileType = sourcecode.swift; path = AppDelegate.swift; sourceTree = "<group>"; };
		E279EF5A2493644A003D8F8F /* SceneDelegate.swift */ = {isa = PBXFileReference; lastKnownFileType = sourcecode.swift; path = SceneDelegate.swift; sourceTree = "<group>"; };
		E279EF5C2493644A003D8F8F /* ViewController.swift */ = {isa = PBXFileReference; lastKnownFileType = sourcecode.swift; path = ViewController.swift; sourceTree = "<group>"; };
		E279EF5F2493644A003D8F8F /* Base */ = {isa = PBXFileReference; lastKnownFileType = file.storyboard; name = Base; path = Base.lproj/Main.storyboard; sourceTree = "<group>"; };
		E279EF612493644C003D8F8F /* Assets.xcassets */ = {isa = PBXFileReference; lastKnownFileType = folder.assetcatalog; path = Assets.xcassets; sourceTree = "<group>"; };
		E279EF642493644C003D8F8F /* Base */ = {isa = PBXFileReference; lastKnownFileType = file.storyboard; name = Base; path = Base.lproj/LaunchScreen.storyboard; sourceTree = "<group>"; };
		E279EF662493644C003D8F8F /* Info.plist */ = {isa = PBXFileReference; lastKnownFileType = text.plist.xml; path = Info.plist; sourceTree = "<group>"; };
		E279EF6B2493644C003D8F8F /* MyDoggyWalkerTests.xctest */ = {isa = PBXFileReference; explicitFileType = wrapper.cfbundle; includeInIndex = 0; path = MyDoggyWalkerTests.xctest; sourceTree = BUILT_PRODUCTS_DIR; };
		E279EF6F2493644C003D8F8F /* MyDoggyWalkerTests.swift */ = {isa = PBXFileReference; lastKnownFileType = sourcecode.swift; path = MyDoggyWalkerTests.swift; sourceTree = "<group>"; };
		E279EF712493644C003D8F8F /* Info.plist */ = {isa = PBXFileReference; lastKnownFileType = text.plist.xml; path = Info.plist; sourceTree = "<group>"; };
		E279EF762493644C003D8F8F /* MyDoggyWalkerUITests.xctest */ = {isa = PBXFileReference; explicitFileType = wrapper.cfbundle; includeInIndex = 0; path = MyDoggyWalkerUITests.xctest; sourceTree = BUILT_PRODUCTS_DIR; };
		E279EF7A2493644C003D8F8F /* MyDoggyWalkerUITests.swift */ = {isa = PBXFileReference; lastKnownFileType = sourcecode.swift; path = MyDoggyWalkerUITests.swift; sourceTree = "<group>"; };
		E279EF7C2493644C003D8F8F /* Info.plist */ = {isa = PBXFileReference; lastKnownFileType = text.plist.xml; path = Info.plist; sourceTree = "<group>"; };
/* End PBXFileReference section */

/* Begin PBXFrameworksBuildPhase section */
		E279EF522493644A003D8F8F /* Frameworks */ = {
			isa = PBXFrameworksBuildPhase;
			buildActionMask = 2147483647;
			files = (
			);
			runOnlyForDeploymentPostprocessing = 0;
		};
		E279EF682493644C003D8F8F /* Frameworks */ = {
			isa = PBXFrameworksBuildPhase;
			buildActionMask = 2147483647;
			files = (
			);
			runOnlyForDeploymentPostprocessing = 0;
		};
		E279EF732493644C003D8F8F /* Frameworks */ = {
			isa = PBXFrameworksBuildPhase;
			buildActionMask = 2147483647;
			files = (
			);
			runOnlyForDeploymentPostprocessing = 0;
		};
/* End PBXFrameworksBuildPhase section */

/* Begin PBXGroup section */
		E279EF4C2493644A003D8F8F = {
			isa = PBXGroup;
			children = (
				E279EF572493644A003D8F8F /* MyDoggyWalker */,
				E279EF6E2493644C003D8F8F /* MyDoggyWalkerTests */,
				E279EF792493644C003D8F8F /* MyDoggyWalkerUITests */,
				E279EF562493644A003D8F8F /* Products */,
			);
			sourceTree = "<group>";
		};
		E279EF562493644A003D8F8F /* Products */ = {
			isa = PBXGroup;
			children = (
				E279EF552493644A003D8F8F /* MyDoggyWalker.app */,
				E279EF6B2493644C003D8F8F /* MyDoggyWalkerTests.xctest */,
				E279EF762493644C003D8F8F /* MyDoggyWalkerUITests.xctest */,
			);
			name = Products;
			sourceTree = "<group>";
		};
		E279EF572493644A003D8F8F /* MyDoggyWalker */ = {
			isa = PBXGroup;
			children = (
				E279EF582493644A003D8F8F /* AppDelegate.swift */,
				E279EF5A2493644A003D8F8F /* SceneDelegate.swift */,
				E279EF5C2493644A003D8F8F /* ViewController.swift */,
				E279EF5E2493644A003D8F8F /* Main.storyboard */,
				E279EF612493644C003D8F8F /* Assets.xcassets */,
				E279EF632493644C003D8F8F /* LaunchScreen.storyboard */,
				E279EF662493644C003D8F8F /* Info.plist */,
			);
			path = MyDoggyWalker;
			sourceTree = "<group>";
		};
		E279EF6E2493644C003D8F8F /* MyDoggyWalkerTests */ = {
			isa = PBXGroup;
			children = (
				E279EF6F2493644C003D8F8F /* MyDoggyWalkerTests.swift */,
				E279EF712493644C003D8F8F /* Info.plist */,
			);
			path = MyDoggyWalkerTests;
			sourceTree = "<group>";
		};
		E279EF792493644C003D8F8F /* MyDoggyWalkerUITests */ = {
			isa = PBXGroup;
			children = (
				E279EF7A2493644C003D8F8F /* MyDoggyWalkerUITests.swift */,
				E279EF7C2493644C003D8F8F /* Info.plist */,
			);
			path = MyDoggyWalkerUITests;
			sourceTree = "<group>";
		};
/* End PBXGroup section */

/* Begin PBXNativeTarget section */
		E279EF542493644A003D8F8F /* MyDoggyWalker */ = {
			isa = PBXNativeTarget;
			buildConfigurationList = E279EF7F2493644C003D8F8F /* Build configuration list for PBXNativeTarget "MyDoggyWalker" */;
			buildPhases = (
				E279EF512493644A003D8F8F /* Sources */,
				E279EF522493644A003D8F8F /* Frameworks */,
				E279EF532493644A003D8F8F /* Resources */,
			);
			buildRules = (
			);
			dependencies = (
			);
			name = MyDoggyWalker;
			productName = MyDoggyWalker;
			productReference = E279EF552493644A003D8F8F /* MyDoggyWalker.app */;
			productType = "com.apple.product-type.application";
		};
		E279EF6A2493644C003D8F8F /* MyDoggyWalkerTests */ = {
			isa = PBXNativeTarget;
			buildConfigurationList = E279EF822493644C003D8F8F /* Build configuration list for PBXNativeTarget "MyDoggyWalkerTests" */;
			buildPhases = (
				E279EF672493644C003D8F8F /* Sources */,
				E279EF682493644C003D8F8F /* Frameworks */,
				E279EF692493644C003D8F8F /* Resources */,
			);
			buildRules = (
			);
			dependencies = (
				E279EF6D2493644C003D8F8F /* PBXTargetDependency */,
			);
			name = MyDoggyWalkerTests;
			productName = MyDoggyWalkerTests;
			productReference = E279EF6B2493644C003D8F8F /* MyDoggyWalkerTests.xctest */;
			productType = "com.apple.product-type.bundle.unit-test";
		};
		E279EF752493644C003D8F8F /* MyDoggyWalkerUITests */ = {
			isa = PBXNativeTarget;
			buildConfigurationList = E279EF852493644C003D8F8F /* Build configuration list for PBXNativeTarget "MyDoggyWalkerUITests" */;
			buildPhases = (
				E279EF722493644C003D8F8F /* Sources */,
				E279EF732493644C003D8F8F /* Frameworks */,
				E279EF742493644C003D8F8F /* Resources */,
			);
			buildRules = (
			);
			dependencies = (
				E279EF782493644C003D8F8F /* PBXTargetDependency */,
			);
			name = MyDoggyWalkerUITests;
			productName = MyDoggyWalkerUITests;
			productReference = E279EF762493644C003D8F8F /* MyDoggyWalkerUITests.xctest */;
			productType = "com.apple.product-type.bundle.ui-testing";
		};
/* End PBXNativeTarget section */

/* Begin PBXProject section */
		E279EF4D2493644A003D8F8F /* Project object */ = {
			isa = PBXProject;
			attributes = {
				LastSwiftUpdateCheck = 1150;
				LastUpgradeCheck = 1150;
				ORGANIZATIONNAME = user166548;
				TargetAttributes = {
					E279EF542493644A003D8F8F = {
						CreatedOnToolsVersion = 11.5;
					};
					E279EF6A2493644C003D8F8F = {
						CreatedOnToolsVersion = 11.5;
						TestTargetID = E279EF542493644A003D8F8F;
					};
					E279EF752493644C003D8F8F = {
						CreatedOnToolsVersion = 11.5;
						TestTargetID = E279EF542493644A003D8F8F;
					};
				};
			};
			buildConfigurationList = E279EF502493644A003D8F8F /* Build configuration list for PBXProject "MyDoggyWalker" */;
			compatibilityVersion = "Xcode 9.3";
			developmentRegion = en;
			hasScannedForEncodings = 0;
			knownRegions = (
				en,
				Base,
			);
			mainGroup = E279EF4C2493644A003D8F8F;
			productRefGroup = E279EF562493644A003D8F8F /* Products */;
			projectDirPath = "";
			projectRoot = "";
			targets = (
				E279EF542493644A003D8F8F /* MyDoggyWalker */,
				E279EF6A2493644C003D8F8F /* MyDoggyWalkerTests */,
				E279EF752493644C003D8F8F /* MyDoggyWalkerUITests */,
			);
		};
/* End PBXProject section */

/* Begin PBXResourcesBuildPhase section */
		E279EF532493644A003D8F8F /* Resources */ = {
			isa = PBXResourcesBuildPhase;
			buildActionMask = 2147483647;
			files = (
				E279EF652493644C003D8F8F /* LaunchScreen.storyboard in Resources */,
				E279EF622493644C003D8F8F /* Assets.xcassets in Resources */,
				E279EF602493644A003D8F8F /* Main.storyboard in Resources */,
			);
			runOnlyForDeploymentPostprocessing = 0;
		};
		E279EF692493644C003D8F8F /* Resources */ = {
			isa = PBXResourcesBuildPhase;
			buildActionMask = 2147483647;
			files = (
			);
			runOnlyForDeploymentPostprocessing = 0;
		};
		E279EF742493644C003D8F8F /* Resources */ = {
			isa = PBXResourcesBuildPhase;
			buildActionMask = 2147483647;
			files = (
			);
			runOnlyForDeploymentPostprocessing = 0;
		};
/* End PBXResourcesBuildPhase section */

/* Begin PBXSourcesBuildPhase section */
		E279EF512493644A003D8F8F /* Sources */ = {
			isa = PBXSourcesBuildPhase;
			buildActionMask = 2147483647;
			files = (
				E279EF5D2493644A003D8F8F /* ViewController.swift in Sources */,
				E279EF592493644A003D8F8F /* AppDelegate.swift in Sources */,
				E279EF5B2493644A003D8F8F /* SceneDelegate.swift in Sources */,
			);
			runOnlyForDeploymentPostprocessing = 0;
		};
		E279EF672493644C003D8F8F /* Sources */ = {
			isa = PBXSourcesBuildPhase;
			buildActionMask = 2147483647;
			files = (
				E279EF702493644C003D8F8F /* MyDoggyWalkerTests.swift in Sources */,
			);
			runOnlyForDeploymentPostprocessing = 0;
		};
		E279EF722493644C003D8F8F /* Sources */ = {
			isa = PBXSourcesBuildPhase;
			buildActionMask = 2147483647;
			files = (
				E279EF7B2493644C003D8F8F /* MyDoggyWalkerUITests.swift in Sources */,
			);
			runOnlyForDeploymentPostprocessing = 0;
		};
/* End PBXSourcesBuildPhase section */

/* Begin PBXTargetDependency section */
		E279EF6D2493644C003D8F8F /* PBXTargetDependency */ = {
			isa = PBXTargetDependency;
			target = E279EF542493644A003D8F8F /* MyDoggyWalker */;
			targetProxy = E279EF6C2493644C003D8F8F /* PBXContainerItemProxy */;
		};
		E279EF782493644C003D8F8F /* PBXTargetDependency */ = {
			isa = PBXTargetDependency;
			target = E279EF542493644A003D8F8F /* MyDoggyWalker */;
			targetProxy = E279EF772493644C003D8F8F /* PBXContainerItemProxy */;
		};
/* End PBXTargetDependency section */

/* Begin PBXVariantGroup section */
		E279EF5E2493644A003D8F8F /* Main.storyboard */ = {
			isa = PBXVariantGroup;
			children = (
				E279EF5F2493644A003D8F8F /* Base */,
			);
			name = Main.storyboard;
			sourceTree = "<group>";
		};
		E279EF632493644C003D8F8F /* LaunchScreen.storyboard */ = {
			isa = PBXVariantGroup;
			children = (
				E279EF642493644C003D8F8F /* Base */,
			);
			name = LaunchScreen.storyboard;
			sourceTree = "<group>";
		};
/* End PBXVariantGroup section */

/* Begin XCBuildConfiguration section */
		E279EF7D2493644C003D8F8F /* Debug */ = {
			isa = XCBuildConfiguration;
			buildSettings = {
				ALWAYS_SEARCH_USER_PATHS = NO;
				CLANG_ANALYZER_NONNULL = YES;
				CLANG_ANALYZER_NUMBER_OBJECT_CONVERSION = YES_AGGRESSIVE;
				CLANG_CXX_LANGUAGE_STANDARD = "gnu++14";
				CLANG_CXX_LIBRARY = "libc++";
				CLANG_ENABLE_MODULES = YES;
				CLANG_ENABLE_OBJC_ARC = YES;
				CLANG_ENABLE_OBJC_WEAK = YES;
				CLANG_WARN_BLOCK_CAPTURE_AUTORELEASING = YES;
				CLANG_WARN_BOOL_CONVERSION = YES;
				CLANG_WARN_COMMA = YES;
				CLANG_WARN_CONSTANT_CONVERSION = YES;
				CLANG_WARN_DEPRECATED_OBJC_IMPLEMENTATIONS = YES;
				CLANG_WARN_DIRECT_OBJC_ISA_USAGE = YES_ERROR;
				CLANG_WARN_DOCUMENTATION_COMMENTS = YES;
				CLANG_WARN_EMPTY_BODY = YES;
				CLANG_WARN_ENUM_CONVERSION = YES;
				CLANG_WARN_INFINITE_RECURSION = YES;
				CLANG_WARN_INT_CONVERSION = YES;
				CLANG_WARN_NON_LITERAL_NULL_CONVERSION = YES;
				CLANG_WARN_OBJC_IMPLICIT_RETAIN_SELF = YES;
				CLANG_WARN_OBJC_LITERAL_CONVERSION = YES;
				CLANG_WARN_OBJC_ROOT_CLASS = YES_ERROR;
				CLANG_WARN_RANGE_LOOP_ANALYSIS = YES;
				CLANG_WARN_STRICT_PROTOTYPES = YES;
				CLANG_WARN_SUSPICIOUS_MOVE = YES;
				CLANG_WARN_UNGUARDED_AVAILABILITY = YES_AGGRESSIVE;
				CLANG_WARN_UNREACHABLE_CODE = YES;
				CLANG_WARN__DUPLICATE_METHOD_MATCH = YES;
				COPY_PHASE_STRIP = NO;
				DEBUG_INFORMATION_FORMAT = dwarf;
				ENABLE_STRICT_OBJC_MSGSEND = YES;
				ENABLE_TESTABILITY = YES;
				GCC_C_LANGUAGE_STANDARD = gnu11;
				GCC_DYNAMIC_NO_PIC = NO;
				GCC_NO_COMMON_BLOCKS = YES;
				GCC_OPTIMIZATION_LEVEL = 0;
				GCC_PREPROCESSOR_DEFINITIONS = (
					"DEBUG=1",
					"$(inherited)",
				);
				GCC_WARN_64_TO_32_BIT_CONVERSION = YES;
				GCC_WARN_ABOUT_RETURN_TYPE = YES_ERROR;
				GCC_WARN_UNDECLARED_SELECTOR = YES;
				GCC_WARN_UNINITIALIZED_AUTOS = YES_AGGRESSIVE;
				GCC_WARN_UNUSED_FUNCTION = YES;
				GCC_WARN_UNUSED_VARIABLE = YES;
				IPHONEOS_DEPLOYMENT_TARGET = 13.5;
				MTL_ENABLE_DEBUG_INFO = INCLUDE_SOURCE;
				MTL_FAST_MATH = YES;
				ONLY_ACTIVE_ARCH = YES;
				SDKROOT = iphoneos;
				SWIFT_ACTIVE_COMPILATION_CONDITIONS = DEBUG;
				SWIFT_OPTIMIZATION_LEVEL = "-Onone";
			};
			name = Debug;
		};
		E279EF7E2493644C003D8F8F /* Release */ = {
			isa = XCBuildConfiguration;
			buildSettings = {
				ALWAYS_SEARCH_USER_PATHS = NO;
				CLANG_ANALYZER_NONNULL = YES;
				CLANG_ANALYZER_NUMBER_OBJECT_CONVERSION = YES_AGGRESSIVE;
				CLANG_CXX_LANGUAGE_STANDARD = "gnu++14";
				CLANG_CXX_LIBRARY = "libc++";
				CLANG_ENABLE_MODULES = YES;
				CLANG_ENABLE_OBJC_ARC = YES;
				CLANG_ENABLE_OBJC_WEAK = YES;
				CLANG_WARN_BLOCK_CAPTURE_AUTORELEASING = YES;
				CLANG_WARN_BOOL_CONVERSION = YES;
				CLANG_WARN_COMMA = YES;
				CLANG_WARN_CONSTANT_CONVERSION = YES;
				CLANG_WARN_DEPRECATED_OBJC_IMPLEMENTATIONS = YES;
				CLANG_WARN_DIRECT_OBJC_ISA_USAGE = YES_ERROR;
				CLANG_WARN_DOCUMENTATION_COMMENTS = YES;
				CLANG_WARN_EMPTY_BODY = YES;
				CLANG_WARN_ENUM_CONVERSION = YES;
				CLANG_WARN_INFINITE_RECURSION = YES;
				CLANG_WARN_INT_CONVERSION = YES;
				CLANG_WARN_NON_LITERAL_NULL_CONVERSION = YES;
				CLANG_WARN_OBJC_IMPLICIT_RETAIN_SELF = YES;
				CLANG_WARN_OBJC_LITERAL_CONVERSION = YES;
				CLANG_WARN_OBJC_ROOT_CLASS = YES_ERROR;
				CLANG_WARN_RANGE_LOOP_ANALYSIS = YES;
				CLANG_WARN_STRICT_PROTOTYPES = YES;
				CLANG_WARN_SUSPICIOUS_MOVE = YES;
				CLANG_WARN_UNGUARDED_AVAILABILITY = YES_AGGRESSIVE;
				CLANG_WARN_UNREACHABLE_CODE = YES;
				CLANG_WARN__DUPLICATE_METHOD_MATCH = YES;
				COPY_PHASE_STRIP = NO;
				DEBUG_INFORMATION_FORMAT = "dwarf-with-dsym";
				ENABLE_NS_ASSERTIONS = NO;
				ENABLE_STRICT_OBJC_MSGSEND = YES;
				GCC_C_LANGUAGE_STANDARD = gnu11;
				GCC_NO_COMMON_BLOCKS = YES;
				GCC_WARN_64_TO_32_BIT_CONVERSION = YES;
				GCC_WARN_ABOUT_RETURN_TYPE = YES_ERROR;
				GCC_WARN_UNDECLARED_SELECTOR = YES;
				GCC_WARN_UNINITIALIZED_AUTOS = YES_AGGRESSIVE;
				GCC_WARN_UNUSED_FUNCTION = YES;
				GCC_WARN_UNUSED_VARIABLE = YES;
				IPHONEOS_DEPLOYMENT_TARGET = 13.5;
				MTL_ENABLE_DEBUG_INFO = NO;
				MTL_FAST_MATH = YES;
				SDKROOT = iphoneos;
				SWIFT_COMPILATION_MODE = wholemodule;
				SWIFT_OPTIMIZATION_LEVEL = "-O";
				VALIDATE_PRODUCT = YES;
			};
			name = Release;
		};
		E279EF802493644C003D8F8F /* Debug */ = {
			isa = XCBuildConfiguration;
			buildSettings = {
				ASSETCATALOG_COMPILER_APPICON_NAME = AppIcon;
				CODE_SIGN_STYLE = Automatic;
				INFOPLIST_FILE = MyDoggyWalker/Info.plist;
				LD_RUNPATH_SEARCH_PATHS = (
					"$(inherited)",
					"@executable_path/Frameworks",
				);
				PRODUCT_BUNDLE_IDENTIFIER = YosiBukris.MyDoggyWalker;
				PRODUCT_NAME = "$(TARGET_NAME)";
				SWIFT_VERSION = 5.0;
				TARGETED_DEVICE_FAMILY = "1,2";
			};
			name = Debug;
		};
		E279EF812493644C003D8F8F /* Release */ = {
			isa = XCBuildConfiguration;
			buildSettings = {
				ASSETCATALOG_COMPILER_APPICON_NAME = AppIcon;
				CODE_SIGN_STYLE = Automatic;
				INFOPLIST_FILE = MyDoggyWalker/Info.plist;
				LD_RUNPATH_SEARCH_PATHS = (
					"$(inherited)",
					"@executable_path/Frameworks",
				);
				PRODUCT_BUNDLE_IDENTIFIER = YosiBukris.MyDoggyWalker;
				PRODUCT_NAME = "$(TARGET_NAME)";
				SWIFT_VERSION = 5.0;
				TARGETED_DEVICE_FAMILY = "1,2";
			};
			name = Release;
		};
		E279EF832493644C003D8F8F /* Debug */ = {
			isa = XCBuildConfiguration;
			buildSettings = {
				ALWAYS_EMBED_SWIFT_STANDARD_LIBRARIES = YES;
				BUNDLE_LOADER = "$(TEST_HOST)";
				CODE_SIGN_STYLE = Automatic;
				INFOPLIST_FILE = MyDoggyWalkerTests/Info.plist;
				IPHONEOS_DEPLOYMENT_TARGET = 13.5;
				LD_RUNPATH_SEARCH_PATHS = (
					"$(inherited)",
					"@executable_path/Frameworks",
					"@loader_path/Frameworks",
				);
				PRODUCT_BUNDLE_IDENTIFIER = YosiBukris.MyDoggyWalkerTests;
				PRODUCT_NAME = "$(TARGET_NAME)";
				SWIFT_VERSION = 5.0;
				TARGETED_DEVICE_FAMILY = "1,2";
				TEST_HOST = "$(BUILT_PRODUCTS_DIR)/MyDoggyWalker.app/MyDoggyWalker";
			};
			name = Debug;
		};
		E279EF842493644C003D8F8F /* Release */ = {
			isa = XCBuildConfiguration;
			buildSettings = {
				ALWAYS_EMBED_SWIFT_STANDARD_LIBRARIES = YES;
				BUNDLE_LOADER = "$(TEST_HOST)";
				CODE_SIGN_STYLE = Automatic;
				INFOPLIST_FILE = MyDoggyWalkerTests/Info.plist;
				IPHONEOS_DEPLOYMENT_TARGET = 13.5;
				LD_RUNPATH_SEARCH_PATHS = (
					"$(inherited)",
					"@executable_path/Frameworks",
					"@loader_path/Frameworks",
				);
				PRODUCT_BUNDLE_IDENTIFIER = YosiBukris.MyDoggyWalkerTests;
				PRODUCT_NAME = "$(TARGET_NAME)";
				SWIFT_VERSION = 5.0;
				TARGETED_DEVICE_FAMILY = "1,2";
				TEST_HOST = "$(BUILT_PRODUCTS_DIR)/MyDoggyWalker.app/MyDoggyWalker";
			};
			name = Release;
		};
		E279EF862493644C003D8F8F /* Debug */ = {
			isa = XCBuildConfiguration;
			buildSettings = {
				ALWAYS_EMBED_SWIFT_STANDARD_LIBRARIES = YES;
				CODE_SIGN_STYLE = Automatic;
				INFOPLIST_FILE = MyDoggyWalkerUITests/Info.plist;
				LD_RUNPATH_SEARCH_PATHS = (
					"$(inherited)",
					"@executable_path/Frameworks",
					"@loader_path/Frameworks",
				);
				PRODUCT_BUNDLE_IDENTIFIER = YosiBukris.MyDoggyWalkerUITests;
				PRODUCT_NAME = "$(TARGET_NAME)";
				SWIFT_VERSION = 5.0;
				TARGETED_DEVICE_FAMILY = "1,2";
				TEST_TARGET_NAME = MyDoggyWalker;
			};
			name = Debug;
		};
		E279EF872493644C003D8F8F /* Release */ = {
			isa = XCBuildConfiguration;
			buildSettings = {
				ALWAYS_EMBED_SWIFT_STANDARD_LIBRARIES = YES;
				CODE_SIGN_STYLE = Automatic;
				INFOPLIST_FILE = MyDoggyWalkerUITests/Info.plist;
				LD_RUNPATH_SEARCH_PATHS = (
					"$(inherited)",
					"@executable_path/Frameworks",
					"@loader_path/Frameworks",
				);
				PRODUCT_BUNDLE_IDENTIFIER = YosiBukris.MyDoggyWalkerUITests;
				PRODUCT_NAME = "$(TARGET_NAME)";
				SWIFT_VERSION = 5.0;
				TARGETED_DEVICE_FAMILY = "1,2";
				TEST_TARGET_NAME = MyDoggyWalker;
			};
			name = Release;
		};
/* End XCBuildConfiguration section */

/* Begin XCConfigurationList section */
		E279EF502493644A003D8F8F /* Build configuration list for PBXProject "MyDoggyWalker" */ = {
			isa = XCConfigurationList;
			buildConfigurations = (
				E279EF7D2493644C003D8F8F /* Debug */,
				E279EF7E2493644C003D8F8F /* Release */,
			);
			defaultConfigurationIsVisible = 0;
			defaultConfigurationName = Release;
		};
		E279EF7F2493644C003D8F8F /* Build configuration list for PBXNativeTarget "MyDoggyWalker" */ = {
			isa = XCConfigurationList;
			buildConfigurations = (
				E279EF802493644C003D8F8F /* Debug */,
				E279EF812493644C003D8F8F /* Release */,
			);
			defaultConfigurationIsVisible = 0;
			defaultConfigurationName = Release;
		};
		E279EF822493644C003D8F8F /* Build configuration list for PBXNativeTarget "MyDoggyWalkerTests" */ = {
			isa = XCConfigurationList;
			buildConfigurations = (
				E279EF832493644C003D8F8F /* Debug */,
				E279EF842493644C003D8F8F /* Release */,
			);
			defaultConfigurationIsVisible = 0;
			defaultConfigurationName = Release;
		};
		E279EF852493644C003D8F8F /* Build configuration list for PBXNativeTarget "MyDoggyWalkerUITests" */ = {
			isa = XCConfigurationList;
			buildConfigurations = (
				E279EF862493644C003D8F8F /* Debug */,
				E279EF872493644C003D8F8F /* Release */,
			);
			defaultConfigurationIsVisible = 0;
			defaultConfigurationName = Release;
		};
/* End XCConfigurationList section */
	};
	rootObject = E279EF4D2493644A003D8F8F /* Project object */;
}
